
Microsoft Visual Studio Solution File, Format Version 12.00
# Visual Studio 15
VisualStudioVersion = 15.0.28307.705
MinimumVisualStudioVersion = 10.0.40219.1
Project("{FAE04EC0-301F-11D3-BF4B-00C04F79EFBC}") = "MEDEvo", "MEDEvo\MEDEvo.csproj", "{49C94ED6-96F5-479B-9A77-53ADFED7BBEE}"
EndProject
Project("{FAE04EC0-301F-11D3-BF4B-00C04F79EFBC}") = "MEDEvoGenetic", "MEDEvoGenetic\MEDEvoGenetic.csproj", "{767A5C83-1EEB-4F84-88FF-397A9FC1A126}"
EndProject
Project("{FAE04EC0-301F-11D3-BF4B-00C04F79EFBC}") = "MEDEvoBrains", "MEDEvoBrains\MEDEvoBrains.csproj", "{2ED10D81-B668-4467-B531-4BFEFEB7B4FB}"
EndProject
Global
	GlobalSection(SolutionConfigurationPlatforms) = preSolution
		Debug|Any CPU = Debug|Any CPU
		Release|Any CPU = Release|Any CPU
	EndGlobalSection
	GlobalSection(ProjectConfigurationPlatforms) = postSolution
		{49C94ED6-96F5-479B-9A77-53ADFED7BBEE}.Debug|Any CPU.ActiveCfg = Debug|Any CPU
		{49C94ED6-96F5-479B-9A77-53ADFED7BBEE}.Debug|Any CPU.Build.0 = Debug|Any CPU
		{49C94ED6-96F5-479B-9A77-53ADFED7BBEE}.Release|Any CPU.ActiveCfg = Release|Any CPU
		{49C94ED6-96F5-479B-9A77-53ADFED7BBEE}.Release|Any CPU.Build.0 = Release|Any CPU
		{767A5C83-1EEB-4F84-88FF-397A9FC1A126}.Debug|Any CPU.ActiveCfg = Debug|Any CPU
		{767A5C83-1EEB-4F84-88FF-397A9FC1A126}.Debug|Any CPU.Build.0 = Debug|Any CPU
		{767A5C83-1EEB-4F84-88FF-397A9FC1A126}.Release|Any CPU.ActiveCfg = Release|Any CPU
		{767A5C83-1EEB-4F84-88FF-397A9FC1A126}.Release|Any CPU.Build.0 = Release|Any CPU
		{2ED10D81-B668-4467-B531-4BFEFEB7B4FB}.Debug|Any CPU.ActiveCfg = Debug|Any CPU
		{2ED10D81-B668-4467-B531-4BFEFEB7B4FB}.Debug|Any CPU.Build.0 = Debug|Any CPU
		{2ED10D81-B668-4467-B531-4BFEFEB7B4FB}.Release|Any CPU.ActiveCfg = Release|Any CPU
		{2ED10D81-B668-4467-B531-4BFEFEB7B4FB}.Release|Any CPU.Build.0 = Release|Any CPU
	EndGlobalSection
	GlobalSection(SolutionProperties) = preSolution
		HideSolutionNode = FALSE
	EndGlobalSection
	GlobalSection(ExtensibilityGlobals) = postSolution
		SolutionGuid = {D5678632-1920-4E5E-B6AC-93869DD4D261}
	EndGlobalSection
EndGlobal
